// !$*UTF8*$!
{
	archiveVersion = 1;
	classes = {
	};
	objectVersion = 56;
	objects = {

/* Begin PBXBuildFile section */
		C021E1CD2B2C656D002B331E /* Cons.swift in Sources */ = {isa = PBXBuildFile; fileRef = C021E1CC2B2C656D002B331E /* Cons.swift */; };
		C05B36B82B2CD107006A4B19 /* Extension+Text.swift in Sources */ = {isa = PBXBuildFile; fileRef = C05B36B72B2CD107006A4B19 /* Extension+Text.swift */; };
		C07BB3D82B2B452B00D839B8 /* TaskView.swift in Sources */ = {isa = PBXBuildFile; fileRef = C07BB3D72B2B452B00D839B8 /* TaskView.swift */; };
		C07BB3DB2B2B56B700D839B8 /* Extension+View.swift in Sources */ = {isa = PBXBuildFile; fileRef = C07BB3DA2B2B56B700D839B8 /* Extension+View.swift */; };
		C07BB3DD2B2B58F700D839B8 /* AddingTaskScreen.swift in Sources */ = {isa = PBXBuildFile; fileRef = C07BB3DC2B2B58F700D839B8 /* AddingTaskScreen.swift */; };
		C0965A2B2B2AEF83009BCE43 /* TaskManagementApp.swift in Sources */ = {isa = PBXBuildFile; fileRef = C0965A2A2B2AEF83009BCE43 /* TaskManagementApp.swift */; };
		C0965A2F2B2AEF86009BCE43 /* Assets.xcassets in Resources */ = {isa = PBXBuildFile; fileRef = C0965A2E2B2AEF86009BCE43 /* Assets.xcassets */; };
		C0965A322B2AEF86009BCE43 /* Preview Assets.xcassets in Resources */ = {isa = PBXBuildFile; fileRef = C0965A312B2AEF86009BCE43 /* Preview Assets.xcassets */; };
		C0965A342B2AEF86009BCE43 /* Persistence.swift in Sources */ = {isa = PBXBuildFile; fileRef = C0965A332B2AEF86009BCE43 /* Persistence.swift */; };
		C0965A372B2AEF86009BCE43 /* TaskManagement.xcdatamodeld in Sources */ = {isa = PBXBuildFile; fileRef = C0965A352B2AEF86009BCE43 /* TaskManagement.xcdatamodeld */; };
		C0965A3E2B2AEF9F009BCE43 /* Task.swift in Sources */ = {isa = PBXBuildFile; fileRef = C0965A3D2B2AEF9F009BCE43 /* Task.swift */; };
		C0965A422B2AF51B009BCE43 /* TasksManagementScreen.swift in Sources */ = {isa = PBXBuildFile; fileRef = C0965A412B2AF51B009BCE43 /* TasksManagementScreen.swift */; };
		C0965A462B2AF7F5009BCE43 /* TaskCell.swift in Sources */ = {isa = PBXBuildFile; fileRef = C0965A452B2AF7F5009BCE43 /* TaskCell.swift */; };
		C0965A482B2AF977009BCE43 /* CoreDataManager.swift in Sources */ = {isa = PBXBuildFile; fileRef = C0965A472B2AF977009BCE43 /* CoreDataManager.swift */; };
/* End PBXBuildFile section */

/* Begin PBXFileReference section */
		C021E1CC2B2C656D002B331E /* Cons.swift */ = {isa = PBXFileReference; lastKnownFileType = sourcecode.swift; path = Cons.swift; sourceTree = "<group>"; };
		C05B36B72B2CD107006A4B19 /* Extension+Text.swift */ = {isa = PBXFileReference; lastKnownFileType = sourcecode.swift; path = "Extension+Text.swift"; sourceTree = "<group>"; };
		C07BB3D72B2B452B00D839B8 /* TaskView.swift */ = {isa = PBXFileReference; lastKnownFileType = sourcecode.swift; path = TaskView.swift; sourceTree = "<group>"; };
		C07BB3DA2B2B56B700D839B8 /* Extension+View.swift */ = {isa = PBXFileReference; lastKnownFileType = sourcecode.swift; path = "Extension+View.swift"; sourceTree = "<group>"; };
		C07BB3DC2B2B58F700D839B8 /* AddingTaskScreen.swift */ = {isa = PBXFileReference; lastKnownFileType = sourcecode.swift; path = AddingTaskScreen.swift; sourceTree = "<group>"; };
		C0965A272B2AEF83009BCE43 /* TaskManagement.app */ = {isa = PBXFileReference; explicitFileType = wrapper.application; includeInIndex = 0; path = TaskManagement.app; sourceTree = BUILT_PRODUCTS_DIR; };
		C0965A2A2B2AEF83009BCE43 /* TaskManagementApp.swift */ = {isa = PBXFileReference; lastKnownFileType = sourcecode.swift; path = TaskManagementApp.swift; sourceTree = "<group>"; };
		C0965A2E2B2AEF86009BCE43 /* Assets.xcassets */ = {isa = PBXFileReference; lastKnownFileType = folder.assetcatalog; path = Assets.xcassets; sourceTree = "<group>"; };
		C0965A312B2AEF86009BCE43 /* Preview Assets.xcassets */ = {isa = PBXFileReference; lastKnownFileType = folder.assetcatalog; path = "Preview Assets.xcassets"; sourceTree = "<group>"; };
		C0965A332B2AEF86009BCE43 /* Persistence.swift */ = {isa = PBXFileReference; lastKnownFileType = sourcecode.swift; path = Persistence.swift; sourceTree = "<group>"; };
		C0965A362B2AEF86009BCE43 /* TaskManagement.xcdatamodel */ = {isa = PBXFileReference; lastKnownFileType = wrapper.xcdatamodel; path = TaskManagement.xcdatamodel; sourceTree = "<group>"; };
		C0965A3D2B2AEF9F009BCE43 /* Task.swift */ = {isa = PBXFileReference; lastKnownFileType = sourcecode.swift; path = Task.swift; sourceTree = "<group>"; };
		C0965A412B2AF51B009BCE43 /* TasksManagementScreen.swift */ = {isa = PBXFileReference; lastKnownFileType = sourcecode.swift; path = TasksManagementScreen.swift; sourceTree = "<group>"; };
		C0965A452B2AF7F5009BCE43 /* TaskCell.swift */ = {isa = PBXFileReference; lastKnownFileType = sourcecode.swift; path = TaskCell.swift; sourceTree = "<group>"; };
		C0965A472B2AF977009BCE43 /* CoreDataManager.swift */ = {isa = PBXFileReference; lastKnownFileType = sourcecode.swift; path = CoreDataManager.swift; sourceTree = "<group>"; };
/* End PBXFileReference section */

/* Begin PBXFrameworksBuildPhase section */
		C0965A242B2AEF83009BCE43 /* Frameworks */ = {
			isa = PBXFrameworksBuildPhase;
			buildActionMask = 2147483647;
			files = (
			);
			runOnlyForDeploymentPostprocessing = 0;
		};
/* End PBXFrameworksBuildPhase section */

/* Begin PBXGroup section */
		C0539DF52B2C1A450028DC83 /* App */ = {
			isa = PBXGroup;
			children = (
				C0965A2A2B2AEF83009BCE43 /* TaskManagementApp.swift */,
			);
			path = App;
			sourceTree = "<group>";
		};
		C0965A1E2B2AEF83009BCE43 = {
			isa = PBXGroup;
			children = (
				C0965A292B2AEF83009BCE43 /* TaskManagement */,
				C0965A282B2AEF83009BCE43 /* Products */,
			);
			sourceTree = "<group>";
		};
		C0965A282B2AEF83009BCE43 /* Products */ = {
			isa = PBXGroup;
			children = (
				C0965A272B2AEF83009BCE43 /* TaskManagement.app */,
			);
			name = Products;
			sourceTree = "<group>";
		};
		C0965A292B2AEF83009BCE43 /* TaskManagement */ = {
			isa = PBXGroup;
			children = (
				C0539DF52B2C1A450028DC83 /* App */,
				C0EEC3872B2B7B46006FD585 /* Views */,
				C0EEC3862B2B7B13006FD585 /* Extensions&Helpers */,
				C0EEC3882B2B7B55006FD585 /* Models */,
				C0EEC3892B2B7B5D006FD585 /* ViewModels */,
				C0965A2E2B2AEF86009BCE43 /* Assets.xcassets */,
				C0965A332B2AEF86009BCE43 /* Persistence.swift */,
				C0965A352B2AEF86009BCE43 /* TaskManagement.xcdatamodeld */,
				C0965A302B2AEF86009BCE43 /* Preview Content */,
			);
			path = TaskManagement;
			sourceTree = "<group>";
		};
		C0965A302B2AEF86009BCE43 /* Preview Content */ = {
			isa = PBXGroup;
			children = (
				C0965A312B2AEF86009BCE43 /* Preview Assets.xcassets */,
			);
			path = "Preview Content";
			sourceTree = "<group>";
		};
		C0EEC3862B2B7B13006FD585 /* Extensions&Helpers */ = {
			isa = PBXGroup;
			children = (
				C07BB3DA2B2B56B700D839B8 /* Extension+View.swift */,
				C05B36B72B2CD107006A4B19 /* Extension+Text.swift */,
				C021E1CC2B2C656D002B331E /* Cons.swift */,
			);
			path = "Extensions&Helpers";
			sourceTree = "<group>";
		};
		C0EEC3872B2B7B46006FD585 /* Views */ = {
			isa = PBXGroup;
			children = (
				C0965A412B2AF51B009BCE43 /* TasksManagementScreen.swift */,
				C07BB3DC2B2B58F700D839B8 /* AddingTaskScreen.swift */,
				C07BB3D72B2B452B00D839B8 /* TaskView.swift */,
				C0965A452B2AF7F5009BCE43 /* TaskCell.swift */,
			);
			path = Views;
			sourceTree = "<group>";
		};
		C0EEC3882B2B7B55006FD585 /* Models */ = {
			isa = PBXGroup;
			children = (
				C0965A3D2B2AEF9F009BCE43 /* Task.swift */,
			);
			path = Models;
			sourceTree = "<group>";
		};
		C0EEC3892B2B7B5D006FD585 /* ViewModels */ = {
			isa = PBXGroup;
			children = (
				C0965A472B2AF977009BCE43 /* CoreDataManager.swift */,
			);
			path = ViewModels;
			sourceTree = "<group>";
		};
/* End PBXGroup section */

/* Begin PBXNativeTarget section */
		C0965A262B2AEF83009BCE43 /* TaskManagement */ = {
			isa = PBXNativeTarget;
			buildConfigurationList = C0965A3A2B2AEF86009BCE43 /* Build configuration list for PBXNativeTarget "TaskManagement" */;
			buildPhases = (
				C0965A232B2AEF83009BCE43 /* Sources */,
				C0965A242B2AEF83009BCE43 /* Frameworks */,
				C0965A252B2AEF83009BCE43 /* Resources */,
			);
			buildRules = (
			);
			dependencies = (
			);
			name = TaskManagement;
			productName = TaskManagement;
			productReference = C0965A272B2AEF83009BCE43 /* TaskManagement.app */;
			productType = "com.apple.product-type.application";
		};
/* End PBXNativeTarget section */

/* Begin PBXProject section */
		C0965A1F2B2AEF83009BCE43 /* Project object */ = {
			isa = PBXProject;
			attributes = {
				BuildIndependentTargetsInParallel = 1;
				LastSwiftUpdateCheck = 1410;
				LastUpgradeCheck = 1410;
				TargetAttributes = {
					C0965A262B2AEF83009BCE43 = {
						CreatedOnToolsVersion = 14.1;
					};
				};
			};
			buildConfigurationList = C0965A222B2AEF83009BCE43 /* Build configuration list for PBXProject "TaskManagement" */;
			compatibilityVersion = "Xcode 14.0";
			developmentRegion = en;
			hasScannedForEncodings = 0;
			knownRegions = (
				en,
				Base,
			);
			mainGroup = C0965A1E2B2AEF83009BCE43;
			productRefGroup = C0965A282B2AEF83009BCE43 /* Products */;
			projectDirPath = "";
			projectRoot = "";
			targets = (
				C0965A262B2AEF83009BCE43 /* TaskManagement */,
			);
		};
/* End PBXProject section */

/* Begin PBXResourcesBuildPhase section */
		C0965A252B2AEF83009BCE43 /* Resources */ = {
			isa = PBXResourcesBuildPhase;
			buildActionMask = 2147483647;
			files = (
				C0965A322B2AEF86009BCE43 /* Preview Assets.xcassets in Resources */,
				C0965A2F2B2AEF86009BCE43 /* Assets.xcassets in Resources */,
			);
			runOnlyForDeploymentPostprocessing = 0;
		};
/* End PBXResourcesBuildPhase section */

/* Begin PBXSourcesBuildPhase section */
		C0965A232B2AEF83009BCE43 /* Sources */ = {
			isa = PBXSourcesBuildPhase;
			buildActionMask = 2147483647;
			files = (
				C07BB3D82B2B452B00D839B8 /* TaskView.swift in Sources */,
				C021E1CD2B2C656D002B331E /* Cons.swift in Sources */,
				C0965A342B2AEF86009BCE43 /* Persistence.swift in Sources */,
				C07BB3DB2B2B56B700D839B8 /* Extension+View.swift in Sources */,
				C0965A3E2B2AEF9F009BCE43 /* Task.swift in Sources */,
				C07BB3DD2B2B58F700D839B8 /* AddingTaskScreen.swift in Sources */,
				C0965A2B2B2AEF83009BCE43 /* TaskManagementApp.swift in Sources */,
				C0965A372B2AEF86009BCE43 /* TaskManagement.xcdatamodeld in Sources */,
				C05B36B82B2CD107006A4B19 /* Extension+Text.swift in Sources */,
				C0965A462B2AF7F5009BCE43 /* TaskCell.swift in Sources */,
				C0965A482B2AF977009BCE43 /* CoreDataManager.swift in Sources */,
				C0965A422B2AF51B009BCE43 /* TasksManagementScreen.swift in Sources */,
			);
			runOnlyForDeploymentPostprocessing = 0;
		};
/* End PBXSourcesBuildPhase section */

/* Begin XCBuildConfiguration section */
		C0965A382B2AEF86009BCE43 /* Debug */ = {
			isa = XCBuildConfiguration;
			buildSettings = {
				ALWAYS_SEARCH_USER_PATHS = NO;
				CLANG_ANALYZER_NONNULL = YES;
				CLANG_ANALYZER_NUMBER_OBJECT_CONVERSION = YES_AGGRESSIVE;
				CLANG_CXX_LANGUAGE_STANDARD = "gnu++20";
				CLANG_ENABLE_MODULES = YES;
				CLANG_ENABLE_OBJC_ARC = YES;
				CLANG_ENABLE_OBJC_WEAK = YES;
				CLANG_WARN_BLOCK_CAPTURE_AUTORELEASING = YES;
				CLANG_WARN_BOOL_CONVERSION = YES;
				CLANG_WARN_COMMA = YES;
				CLANG_WARN_CONSTANT_CONVERSION = YES;
				CLANG_WARN_DEPRECATED_OBJC_IMPLEMENTATIONS = YES;
				CLANG_WARN_DIRECT_OBJC_ISA_USAGE = YES_ERROR;
				CLANG_WARN_DOCUMENTATION_COMMENTS = YES;
				CLANG_WARN_EMPTY_BODY = YES;
				CLANG_WARN_ENUM_CONVERSION = YES;
				CLANG_WARN_INFINITE_RECURSION = YES;
				CLANG_WARN_INT_CONVERSION = YES;
				CLANG_WARN_NON_LITERAL_NULL_CONVERSION = YES;
				CLANG_WARN_OBJC_IMPLICIT_RETAIN_SELF = YES;
				CLANG_WARN_OBJC_LITERAL_CONVERSION = YES;
				CLANG_WARN_OBJC_ROOT_CLASS = YES_ERROR;
				CLANG_WARN_QUOTED_INCLUDE_IN_FRAMEWORK_HEADER = YES;
				CLANG_WARN_RANGE_LOOP_ANALYSIS = YES;
				CLANG_WARN_STRICT_PROTOTYPES = YES;
				CLANG_WARN_SUSPICIOUS_MOVE = YES;
				CLANG_WARN_UNGUARDED_AVAILABILITY = YES_AGGRESSIVE;
				CLANG_WARN_UNREACHABLE_CODE = YES;
				CLANG_WARN__DUPLICATE_METHOD_MATCH = YES;
				COPY_PHASE_STRIP = NO;
				DEBUG_INFORMATION_FORMAT = dwarf;
				ENABLE_STRICT_OBJC_MSGSEND = YES;
				ENABLE_TESTABILITY = YES;
				GCC_C_LANGUAGE_STANDARD = gnu11;
				GCC_DYNAMIC_NO_PIC = NO;
				GCC_NO_COMMON_BLOCKS = YES;
				GCC_OPTIMIZATION_LEVEL = 0;
				GCC_PREPROCESSOR_DEFINITIONS = (
					"DEBUG=1",
					"$(inherited)",
				);
				GCC_WARN_64_TO_32_BIT_CONVERSION = YES;
				GCC_WARN_ABOUT_RETURN_TYPE = YES_ERROR;
				GCC_WARN_UNDECLARED_SELECTOR = YES;
				GCC_WARN_UNINITIALIZED_AUTOS = YES_AGGRESSIVE;
				GCC_WARN_UNUSED_FUNCTION = YES;
				GCC_WARN_UNUSED_VARIABLE = YES;
				IPHONEOS_DEPLOYMENT_TARGET = 16.1;
				MTL_ENABLE_DEBUG_INFO = INCLUDE_SOURCE;
				MTL_FAST_MATH = YES;
				ONLY_ACTIVE_ARCH = YES;
				SDKROOT = iphoneos;
				SWIFT_ACTIVE_COMPILATION_CONDITIONS = DEBUG;
				SWIFT_OPTIMIZATION_LEVEL = "-Onone";
			};
			name = Debug;
		};
		C0965A392B2AEF86009BCE43 /* Release */ = {
			isa = XCBuildConfiguration;
			buildSettings = {
				ALWAYS_SEARCH_USER_PATHS = NO;
				CLANG_ANALYZER_NONNULL = YES;
				CLANG_ANALYZER_NUMBER_OBJECT_CONVERSION = YES_AGGRESSIVE;
				CLANG_CXX_LANGUAGE_STANDARD = "gnu++20";
				CLANG_ENABLE_MODULES = YES;
				CLANG_ENABLE_OBJC_ARC = YES;
				CLANG_ENABLE_OBJC_WEAK = YES;
				CLANG_WARN_BLOCK_CAPTURE_AUTORELEASING = YES;
				CLANG_WARN_BOOL_CONVERSION = YES;
				CLANG_WARN_COMMA = YES;
				CLANG_WARN_CONSTANT_CONVERSION = YES;
				CLANG_WARN_DEPRECATED_OBJC_IMPLEMENTATIONS = YES;
				CLANG_WARN_DIRECT_OBJC_ISA_USAGE = YES_ERROR;
				CLANG_WARN_DOCUMENTATION_COMMENTS = YES;
				CLANG_WARN_EMPTY_BODY = YES;
				CLANG_WARN_ENUM_CONVERSION = YES;
				CLANG_WARN_INFINITE_RECURSION = YES;
				CLANG_WARN_INT_CONVERSION = YES;
				CLANG_WARN_NON_LITERAL_NULL_CONVERSION = YES;
				CLANG_WARN_OBJC_IMPLICIT_RETAIN_SELF = YES;
				CLANG_WARN_OBJC_LITERAL_CONVERSION = YES;
				CLANG_WARN_OBJC_ROOT_CLASS = YES_ERROR;
				CLANG_WARN_QUOTED_INCLUDE_IN_FRAMEWORK_HEADER = YES;
				CLANG_WARN_RANGE_LOOP_ANALYSIS = YES;
				CLANG_WARN_STRICT_PROTOTYPES = YES;
				CLANG_WARN_SUSPICIOUS_MOVE = YES;
				CLANG_WARN_UNGUARDED_AVAILABILITY = YES_AGGRESSIVE;
				CLANG_WARN_UNREACHABLE_CODE = YES;
				CLANG_WARN__DUPLICATE_METHOD_MATCH = YES;
				COPY_PHASE_STRIP = NO;
				DEBUG_INFORMATION_FORMAT = "dwarf-with-dsym";
				ENABLE_NS_ASSERTIONS = NO;
				ENABLE_STRICT_OBJC_MSGSEND = YES;
				GCC_C_LANGUAGE_STANDARD = gnu11;
				GCC_NO_COMMON_BLOCKS = YES;
				GCC_WARN_64_TO_32_BIT_CONVERSION = YES;
				GCC_WARN_ABOUT_RETURN_TYPE = YES_ERROR;
				GCC_WARN_UNDECLARED_SELECTOR = YES;
				GCC_WARN_UNINITIALIZED_AUTOS = YES_AGGRESSIVE;
				GCC_WARN_UNUSED_FUNCTION = YES;
				GCC_WARN_UNUSED_VARIABLE = YES;
				IPHONEOS_DEPLOYMENT_TARGET = 16.1;
				MTL_ENABLE_DEBUG_INFO = NO;
				MTL_FAST_MATH = YES;
				SDKROOT = iphoneos;
				SWIFT_COMPILATION_MODE = wholemodule;
				SWIFT_OPTIMIZATION_LEVEL = "-O";
				VALIDATE_PRODUCT = YES;
			};
			name = Release;
		};
		C0965A3B2B2AEF86009BCE43 /* Debug */ = {
			isa = XCBuildConfiguration;
			buildSettings = {
				ASSETCATALOG_COMPILER_APPICON_NAME = AppIcon;
				ASSETCATALOG_COMPILER_GLOBAL_ACCENT_COLOR_NAME = AccentColor;
				CODE_SIGN_STYLE = Automatic;
				CURRENT_PROJECT_VERSION = 1;
				DEVELOPMENT_ASSET_PATHS = "\"TaskManagement/Preview Content\"";
				DEVELOPMENT_TEAM = 6JL95RH9A2;
				ENABLE_PREVIEWS = YES;
				GENERATE_INFOPLIST_FILE = YES;
				INFOPLIST_KEY_UIApplicationSceneManifest_Generation = YES;
				INFOPLIST_KEY_UIApplicationSupportsIndirectInputEvents = YES;
				INFOPLIST_KEY_UILaunchScreen_Generation = YES;
				INFOPLIST_KEY_UISupportedInterfaceOrientations_iPad = "UIInterfaceOrientationPortrait UIInterfaceOrientationPortraitUpsideDown UIInterfaceOrientationLandscapeLeft UIInterfaceOrientationLandscapeRight";
				INFOPLIST_KEY_UISupportedInterfaceOrientations_iPhone = "UIInterfaceOrientationPortrait UIInterfaceOrientationLandscapeLeft UIInterfaceOrientationLandscapeRight";
				LD_RUNPATH_SEARCH_PATHS = (
					"$(inherited)",
					"@executable_path/Frameworks",
				);
				MARKETING_VERSION = 1.0;
				PRODUCT_BUNDLE_IDENTIFIER = Apple.TaskManagement;
				PRODUCT_NAME = "$(TARGET_NAME)";
				SWIFT_EMIT_LOC_STRINGS = YES;
				SWIFT_VERSION = 5.0;
				TARGETED_DEVICE_FAMILY = "1,2";
			};
			name = Debug;
		};
		C0965A3C2B2AEF86009BCE43 /* Release */ = {
			isa = XCBuildConfiguration;
			buildSettings = {
				ASSETCATALOG_COMPILER_APPICON_NAME = AppIcon;
				ASSETCATALOG_COMPILER_GLOBAL_ACCENT_COLOR_NAME = AccentColor;
				CODE_SIGN_STYLE = Automatic;
				CURRENT_PROJECT_VERSION = 1;
				DEVELOPMENT_ASSET_PATHS = "\"TaskManagement/Preview Content\"";
				DEVELOPMENT_TEAM = 6JL95RH9A2;
				ENABLE_PREVIEWS = YES;
				GENERATE_INFOPLIST_FILE = YES;
				INFOPLIST_KEY_UIApplicationSceneManifest_Generation = YES;
				INFOPLIST_KEY_UIApplicationSupportsIndirectInputEvents = YES;
				INFOPLIST_KEY_UILaunchScreen_Generation = YES;
				INFOPLIST_KEY_UISupportedInterfaceOrientations_iPad = "UIInterfaceOrientationPortrait UIInterfaceOrientationPortraitUpsideDown UIInterfaceOrientationLandscapeLeft UIInterfaceOrientationLandscapeRight";
				INFOPLIST_KEY_UISupportedInterfaceOrientations_iPhone = "UIInterfaceOrientationPortrait UIInterfaceOrientationLandscapeLeft UIInterfaceOrientationLandscapeRight";
				LD_RUNPATH_SEARCH_PATHS = (
					"$(inherited)",
					"@executable_path/Frameworks",
				);
				MARKETING_VERSION = 1.0;
				PRODUCT_BUNDLE_IDENTIFIER = Apple.TaskManagement;
				PRODUCT_NAME = "$(TARGET_NAME)";
				SWIFT_EMIT_LOC_STRINGS = YES;
				SWIFT_VERSION = 5.0;
				TARGETED_DEVICE_FAMILY = "1,2";
			};
			name = Release;
		};
/* End XCBuildConfiguration section */

/* Begin XCConfigurationList section */
		C0965A222B2AEF83009BCE43 /* Build configuration list for PBXProject "TaskManagement" */ = {
			isa = XCConfigurationList;
			buildConfigurations = (
				C0965A382B2AEF86009BCE43 /* Debug */,
				C0965A392B2AEF86009BCE43 /* Release */,
			);
			defaultConfigurationIsVisible = 0;
			defaultConfigurationName = Release;
		};
		C0965A3A2B2AEF86009BCE43 /* Build configuration list for PBXNativeTarget "TaskManagement" */ = {
			isa = XCConfigurationList;
			buildConfigurations = (
				C0965A3B2B2AEF86009BCE43 /* Debug */,
				C0965A3C2B2AEF86009BCE43 /* Release */,
			);
			defaultConfigurationIsVisible = 0;
			defaultConfigurationName = Release;
		};
/* End XCConfigurationList section */

/* Begin XCVersionGroup section */
		C0965A352B2AEF86009BCE43 /* TaskManagement.xcdatamodeld */ = {
			isa = XCVersionGroup;
			children = (
				C0965A362B2AEF86009BCE43 /* TaskManagement.xcdatamodel */,
			);
			currentVersion = C0965A362B2AEF86009BCE43 /* TaskManagement.xcdatamodel */;
			path = TaskManagement.xcdatamodeld;
			sourceTree = "<group>";
			versionGroupType = wrapper.xcdatamodel;
		};
/* End XCVersionGroup section */
	};
	rootObject = C0965A1F2B2AEF83009BCE43 /* Project object */;
}
